{
  "name": "node-app",
  "version": "1.0.0",
  "lockfileVersion": 1,
  "requires": true,
  "dependencies": {
    "just-map-values": {
      "version": "2.2.10",
      "resolved": "http://localhost:4873/just-map-values/-/just-map-values-2.2.10.tgz",
      "integrity": "sha512-GXjByxY74PWvH9ViBiO5q3DJsEtHFgEMMLhEDQY41Fu1gDqojP4/wRWLqI+fPQIZ6xRL9nWld6iHctcZfUyk6A=="
    }
  }
}
